
Microsoft Visual Studio Solution File, Format Version 12.00
# Visual Studio Version 17
VisualStudioVersion = 17.5.002.0
MinimumVisualStudioVersion = 10.0.40219.1
Project("{2150E333-8FDC-42A3-9474-1A3956D46DE8}") = "src", "src", "{7DDDD70C-458C-4D5D-AFCA-E29C3DE5C854}"
EndProject
Project("{9A19103F-16F7-4668-BE54-9A1E7A4F7556}") = "Play.Catalog.Service", "src\Play.Catalog.Service\Play.Catalog.Service.csproj", "{D698DADF-11FC-4C3F-A0FD-80F12C205B71}"
EndProject
Global
	GlobalSection(SolutionConfigurationPlatforms) = preSolution
		Debug|Any CPU = Debug|Any CPU
		Release|Any CPU = Release|Any CPU
	EndGlobalSection
	GlobalSection(ProjectConfigurationPlatforms) = postSolution
		{D698DADF-11FC-4C3F-A0FD-80F12C205B71}.Debug|Any CPU.ActiveCfg = Debug|Any CPU
		{D698DADF-11FC-4C3F-A0FD-80F12C205B71}.Debug|Any CPU.Build.0 = Debug|Any CPU
		{D698DADF-11FC-4C3F-A0FD-80F12C205B71}.Release|Any CPU.ActiveCfg = Release|Any CPU
		{D698DADF-11FC-4C3F-A0FD-80F12C205B71}.Release|Any CPU.Build.0 = Release|Any CPU
	EndGlobalSection
	GlobalSection(SolutionProperties) = preSolution
		HideSolutionNode = FALSE
	EndGlobalSection
	GlobalSection(NestedProjects) = preSolution
		{D698DADF-11FC-4C3F-A0FD-80F12C205B71} = {7DDDD70C-458C-4D5D-AFCA-E29C3DE5C854}
	EndGlobalSection
	GlobalSection(ExtensibilityGlobals) = postSolution
		SolutionGuid = {C3ADC845-0CD4-4AAA-B408-3BA64EB596E5}
	EndGlobalSection
EndGlobal
